
Microsoft Visual Studio Solution File, Format Version 12.00
# Visual Studio Version 17
VisualStudioVersion = 17.14.36414.22
MinimumVisualStudioVersion = 10.0.40219.1
Project("{FAE04EC0-301F-11D3-BF4B-00C04F79EFBC}") = "AIssist", "AIssist\AIssist.csproj", "{C64A7637-81E7-4B96-8EE1-3DCCCF0669C6}"
EndProject
Global
	GlobalSection(SolutionConfigurationPlatforms) = preSolution
		Debug|Any CPU = Debug|Any CPU
		Release|Any CPU = Release|Any CPU
	EndGlobalSection
	GlobalSection(ProjectConfigurationPlatforms) = postSolution
		{C64A7637-81E7-4B96-8EE1-3DCCCF0669C6}.Debug|Any CPU.ActiveCfg = Debug|Any CPU
		{C64A7637-81E7-4B96-8EE1-3DCCCF0669C6}.Debug|Any CPU.Build.0 = Debug|Any CPU
		{C64A7637-81E7-4B96-8EE1-3DCCCF0669C6}.Release|Any CPU.ActiveCfg = Release|Any CPU
		{C64A7637-81E7-4B96-8EE1-3DCCCF0669C6}.Release|Any CPU.Build.0 = Release|Any CPU
	EndGlobalSection
	GlobalSection(SolutionProperties) = preSolution
		HideSolutionNode = FALSE
	EndGlobalSection
	GlobalSection(ExtensibilityGlobals) = postSolution
		SolutionGuid = {3AA6BC08-7D68-4B77-A1B1-4432BFC41289}
	EndGlobalSection
EndGlobal
