
Microsoft Visual Studio Solution File, Format Version 12.00
# Visual Studio Version 17
VisualStudioVersion = 17.14.36414.22
MinimumVisualStudioVersion = 10.0.40219.1
Project("{FAE04EC0-301F-11D3-BF4B-00C04F79EFBC}") = "IAssist", "WinFormsApp1\IAssist.csproj", "{84741B35-C9C5-4BD6-9815-2B9DBC93326B}"
EndProject
Global
	GlobalSection(SolutionConfigurationPlatforms) = preSolution
		Debug|Any CPU = Debug|Any CPU
		Release|Any CPU = Release|Any CPU
	EndGlobalSection
	GlobalSection(ProjectConfigurationPlatforms) = postSolution
		{84741B35-C9C5-4BD6-9815-2B9DBC93326B}.Debug|Any CPU.ActiveCfg = Debug|Any CPU
		{84741B35-C9C5-4BD6-9815-2B9DBC93326B}.Debug|Any CPU.Build.0 = Debug|Any CPU
		{84741B35-C9C5-4BD6-9815-2B9DBC93326B}.Release|Any CPU.ActiveCfg = Release|Any CPU
		{84741B35-C9C5-4BD6-9815-2B9DBC93326B}.Release|Any CPU.Build.0 = Release|Any CPU
	EndGlobalSection
	GlobalSection(SolutionProperties) = preSolution
		HideSolutionNode = FALSE
	EndGlobalSection
	GlobalSection(ExtensibilityGlobals) = postSolution
		SolutionGuid = {A72B122E-2743-4B31-A1BE-64A0D93F425A}
	EndGlobalSection
EndGlobal
